
Microsoft Visual Studio Solution File, Format Version 12.00
# Visual Studio Version 17
VisualStudioVersion = 17.8.34525.116
MinimumVisualStudioVersion = 10.0.40219.1
Project("{FAE04EC0-301F-11D3-BF4B-00C04F79EFBC}") = "вор", "вор.csproj", "{39EB7135-B61B-436D-93B9-D737E0ED4A1F}"
EndProject
Global
	GlobalSection(SolutionConfigurationPlatforms) = preSolution
		Debug|Any CPU = Debug|Any CPU
		Release|Any CPU = Release|Any CPU
	EndGlobalSection
	GlobalSection(ProjectConfigurationPlatforms) = postSolution
		{39EB7135-B61B-436D-93B9-D737E0ED4A1F}.Debug|Any CPU.ActiveCfg = Debug|Any CPU
		{39EB7135-B61B-436D-93B9-D737E0ED4A1F}.Debug|Any CPU.Build.0 = Debug|Any CPU
		{39EB7135-B61B-436D-93B9-D737E0ED4A1F}.Release|Any CPU.ActiveCfg = Release|Any CPU
		{39EB7135-B61B-436D-93B9-D737E0ED4A1F}.Release|Any CPU.Build.0 = Release|Any CPU
	EndGlobalSection
	GlobalSection(SolutionProperties) = preSolution
		HideSolutionNode = FALSE
	EndGlobalSection
	GlobalSection(ExtensibilityGlobals) = postSolution
		SolutionGuid = {F5670B0F-3EDC-455A-A978-1B1F5633E181}
	EndGlobalSection
EndGlobal
