
Microsoft Visual Studio Solution File, Format Version 12.00
# Visual Studio Version 17
VisualStudioVersion = 17.8.34525.116
MinimumVisualStudioVersion = 10.0.40219.1
Project("{9A19103F-16F7-4668-BE54-9A1E7A4F7556}") = "work_1", "work_1.csproj", "{FCEF8721-16D3-47F3-830C-54EB9D82144B}"
EndProject
Project("{9A19103F-16F7-4668-BE54-9A1E7A4F7556}") = "work_2", "..\work_2\work_2.csproj", "{C7CA83E6-1160-444A-9BAE-244783BB8DE0}"
EndProject
Global
	GlobalSection(SolutionConfigurationPlatforms) = preSolution
		Debug|Any CPU = Debug|Any CPU
		Release|Any CPU = Release|Any CPU
	EndGlobalSection
	GlobalSection(ProjectConfigurationPlatforms) = postSolution
		{FCEF8721-16D3-47F3-830C-54EB9D82144B}.Debug|Any CPU.ActiveCfg = Debug|Any CPU
		{FCEF8721-16D3-47F3-830C-54EB9D82144B}.Debug|Any CPU.Build.0 = Debug|Any CPU
		{FCEF8721-16D3-47F3-830C-54EB9D82144B}.Release|Any CPU.ActiveCfg = Release|Any CPU
		{FCEF8721-16D3-47F3-830C-54EB9D82144B}.Release|Any CPU.Build.0 = Release|Any CPU
		{C7CA83E6-1160-444A-9BAE-244783BB8DE0}.Debug|Any CPU.ActiveCfg = Debug|Any CPU
		{C7CA83E6-1160-444A-9BAE-244783BB8DE0}.Debug|Any CPU.Build.0 = Debug|Any CPU
		{C7CA83E6-1160-444A-9BAE-244783BB8DE0}.Release|Any CPU.ActiveCfg = Release|Any CPU
		{C7CA83E6-1160-444A-9BAE-244783BB8DE0}.Release|Any CPU.Build.0 = Release|Any CPU
	EndGlobalSection
	GlobalSection(SolutionProperties) = preSolution
		HideSolutionNode = FALSE
	EndGlobalSection
	GlobalSection(ExtensibilityGlobals) = postSolution
		SolutionGuid = {2F7FC754-CB40-4D20-AEF5-BA4AB7D3A792}
	EndGlobalSection
EndGlobal
